{
  "name": "@norjs/tools",
  "version": "1.0.0",
  "lockfileVersion": 1,
  "requires": true,
  "dependencies": {
    "@norjs/ui": {
      "version": "1.0.18",
      "resolved": "https://registry.npmjs.org/@norjs/ui/-/ui-1.0.18.tgz",
      "integrity": "sha512-elmPrwISw/HZDutvEgAUOGi9WOcZmR3ZxDa854Ika9buglC2RSKMgsHW3I5pSLckxpsQa1DNxgw+YMCUUR23Vw==",
      "requires": {
        "@norjs/utils": "^1.0.18",
        "lodash": "^4.17.15"
      }
    },
    "@norjs/utils": {
      "version": "1.0.18",
      "resolved": "https://registry.npmjs.org/@norjs/utils/-/utils-1.0.18.tgz",
      "integrity": "sha512-s6kAqQ3HT2bYK+xc8HEtOFpHwzIJ9l6THAXQh7Hl98rgMnco/d8I/wVFh+W05591qs5AJf6hxUvBBbSZCSH4tA==",
      "requires": {
        "lodash": "^4.17.15"
      }
    },
    "esm": {
      "version": "3.2.25",
      "resolved": "https://registry.npmjs.org/esm/-/esm-3.2.25.tgz",
      "integrity": "sha512-U1suiZ2oDVWv4zPO56S0NcR5QriEahGtdN2OR6FiOG4WJvcjBVFB0qI4+eKoWFH483PKGuLuu6V8Z4T5g63UVA=="
    },
    "lodash": {
      "version": "4.17.15",
      "resolved": "https://registry.npmjs.org/lodash/-/lodash-4.17.15.tgz",
      "integrity": "sha512-8xOcRHvCjnocdS5cpwXQXVzmmh5e5+saE2QGoeQmbKmRS6J3VQppPOIt0MnmE+4xlZoumy0GPG0D0MVIQbNA1A=="
    }
  }
}
